
Microsoft Visual Studio Solution File, Format Version 12.00
# Visual Studio 15
Project("{FAE04EC0-301F-11D3-BF4B-00C04F79EFBC}") = "VS4Mac.LottiePlayer", "VS4Mac.LottiePlayer\VS4Mac.LottiePlayer.csproj", "{AB8C7273-B886-4549-B1F3-DE26EEFA4F56}"
EndProject
Global
	GlobalSection(SolutionConfigurationPlatforms) = preSolution
		Debug|Any CPU = Debug|Any CPU
		Release|Any CPU = Release|Any CPU
	EndGlobalSection
	GlobalSection(ProjectConfigurationPlatforms) = postSolution
		{AB8C7273-B886-4549-B1F3-DE26EEFA4F56}.Debug|Any CPU.ActiveCfg = Debug|Any CPU
		{AB8C7273-B886-4549-B1F3-DE26EEFA4F56}.Debug|Any CPU.Build.0 = Debug|Any CPU
		{AB8C7273-B886-4549-B1F3-DE26EEFA4F56}.Release|Any CPU.ActiveCfg = Release|Any CPU
		{AB8C7273-B886-4549-B1F3-DE26EEFA4F56}.Release|Any CPU.Build.0 = Release|Any CPU
	EndGlobalSection
EndGlobal
